
Microsoft Visual Studio Solution File, Format Version 12.00
# Visual Studio Version 17
VisualStudioVersion = 17.5.002.0
MinimumVisualStudioVersion = 10.0.40219.1
Project("{9A19103F-16F7-4668-BE54-9A1E7A4F7556}") = "PacktLibrary", "PacktLibrary\PacktLibrary.csproj", "{4A049505-D1CE-4C3E-BA8D-989D8173F05F}"
EndProject
Project("{9A19103F-16F7-4668-BE54-9A1E7A4F7556}") = "PeopleApp", "PeopleApp\PeopleApp.csproj", "{79158912-F8B9-4A8F-8DD6-50401BFA36C0}"
EndProject
Project("{FAE04EC0-301F-11D3-BF4B-00C04F79EFBC}") = "NullHandling", "NullHandling\NullHandling.csproj", "{C0C11FDA-0816-4EFF-B96C-5814F20EAA0D}"
EndProject
Global
	GlobalSection(SolutionConfigurationPlatforms) = preSolution
		Debug|Any CPU = Debug|Any CPU
		Release|Any CPU = Release|Any CPU
	EndGlobalSection
	GlobalSection(ProjectConfigurationPlatforms) = postSolution
		{4A049505-D1CE-4C3E-BA8D-989D8173F05F}.Debug|Any CPU.ActiveCfg = Debug|Any CPU
		{4A049505-D1CE-4C3E-BA8D-989D8173F05F}.Debug|Any CPU.Build.0 = Debug|Any CPU
		{4A049505-D1CE-4C3E-BA8D-989D8173F05F}.Release|Any CPU.ActiveCfg = Release|Any CPU
		{4A049505-D1CE-4C3E-BA8D-989D8173F05F}.Release|Any CPU.Build.0 = Release|Any CPU
		{79158912-F8B9-4A8F-8DD6-50401BFA36C0}.Debug|Any CPU.ActiveCfg = Debug|Any CPU
		{79158912-F8B9-4A8F-8DD6-50401BFA36C0}.Debug|Any CPU.Build.0 = Debug|Any CPU
		{79158912-F8B9-4A8F-8DD6-50401BFA36C0}.Release|Any CPU.ActiveCfg = Release|Any CPU
		{79158912-F8B9-4A8F-8DD6-50401BFA36C0}.Release|Any CPU.Build.0 = Release|Any CPU
		{C0C11FDA-0816-4EFF-B96C-5814F20EAA0D}.Debug|Any CPU.ActiveCfg = Debug|Any CPU
		{C0C11FDA-0816-4EFF-B96C-5814F20EAA0D}.Debug|Any CPU.Build.0 = Debug|Any CPU
		{C0C11FDA-0816-4EFF-B96C-5814F20EAA0D}.Release|Any CPU.ActiveCfg = Release|Any CPU
		{C0C11FDA-0816-4EFF-B96C-5814F20EAA0D}.Release|Any CPU.Build.0 = Release|Any CPU
	EndGlobalSection
	GlobalSection(SolutionProperties) = preSolution
		HideSolutionNode = FALSE
	EndGlobalSection
	GlobalSection(ExtensibilityGlobals) = postSolution
		SolutionGuid = {C3A728AA-FE3B-4148-9FA3-073F836BD1CE}
	EndGlobalSection
EndGlobal
