
Microsoft Visual Studio Solution File, Format Version 12.00
# Visual Studio Version 17
VisualStudioVersion = 17.5.002.0
MinimumVisualStudioVersion = 10.0.40219.1
Project("{9A19103F-16F7-4668-BE54-9A1E7A4F7556}") = "Vocabulary", "Vocabulary.csproj", "{859D7D64-7AFE-49C9-9011-D00E80432B6B}"
EndProject
Global
	GlobalSection(SolutionConfigurationPlatforms) = preSolution
		Debug|Any CPU = Debug|Any CPU
		Release|Any CPU = Release|Any CPU
	EndGlobalSection
	GlobalSection(ProjectConfigurationPlatforms) = postSolution
		{859D7D64-7AFE-49C9-9011-D00E80432B6B}.Debug|Any CPU.ActiveCfg = Debug|Any CPU
		{859D7D64-7AFE-49C9-9011-D00E80432B6B}.Debug|Any CPU.Build.0 = Debug|Any CPU
		{859D7D64-7AFE-49C9-9011-D00E80432B6B}.Release|Any CPU.ActiveCfg = Release|Any CPU
		{859D7D64-7AFE-49C9-9011-D00E80432B6B}.Release|Any CPU.Build.0 = Release|Any CPU
	EndGlobalSection
	GlobalSection(SolutionProperties) = preSolution
		HideSolutionNode = FALSE
	EndGlobalSection
	GlobalSection(ExtensibilityGlobals) = postSolution
		SolutionGuid = {95912E19-9076-4167-A022-0F4D597CD447}
	EndGlobalSection
EndGlobal
