
Microsoft Visual Studio Solution File, Format Version 12.00
# Visual Studio Version 17
VisualStudioVersion = 17.0.31903.59
MinimumVisualStudioVersion = 10.0.40219.1
Project("{FAE04EC0-301F-11D3-BF4B-00C04F79EFBC}") = "AssembliesAndNamespaces", "AssembliesAndNamespaces\AssembliesAndNamespaces.csproj", "{ECD4B1AC-9F6B-4563-B65B-9B45C14C1033}"
EndProject
Project("{FAE04EC0-301F-11D3-BF4B-00C04F79EFBC}") = "DotNetEverywhere", "DotNetEverywhere\DotNetEverywhere.csproj", "{7383B0C7-11E1-48ED-B768-2417F1C471E1}"
EndProject
Project("{FAE04EC0-301F-11D3-BF4B-00C04F79EFBC}") = "AotConsole", "AotConsole\AotConsole.csproj", "{487E0732-990B-4DFB-AEE4-FF741FDA819D}"
EndProject
Project("{FAE04EC0-301F-11D3-BF4B-00C04F79EFBC}") = "SourceLinks", "SourceLinks\SourceLinks.csproj", "{0D79B363-57BD-471A-89A1-7028ADD8E7DC}"
EndProject
Project("{FAE04EC0-301F-11D3-BF4B-00C04F79EFBC}") = "ConsoleApp.SourceGeneration", "ConsoleApp.SourceGeneration\ConsoleApp.SourceGeneration.csproj", "{15472C6D-106A-44E3-A670-4D7F560374B1}"
EndProject
Global
	GlobalSection(SolutionConfigurationPlatforms) = preSolution
		Debug|Any CPU = Debug|Any CPU
		Release|Any CPU = Release|Any CPU
	EndGlobalSection
	GlobalSection(SolutionProperties) = preSolution
		HideSolutionNode = FALSE
	EndGlobalSection
	GlobalSection(ProjectConfigurationPlatforms) = postSolution
		{ECD4B1AC-9F6B-4563-B65B-9B45C14C1033}.Debug|Any CPU.ActiveCfg = Debug|Any CPU
		{ECD4B1AC-9F6B-4563-B65B-9B45C14C1033}.Debug|Any CPU.Build.0 = Debug|Any CPU
		{ECD4B1AC-9F6B-4563-B65B-9B45C14C1033}.Release|Any CPU.ActiveCfg = Release|Any CPU
		{ECD4B1AC-9F6B-4563-B65B-9B45C14C1033}.Release|Any CPU.Build.0 = Release|Any CPU
		{7383B0C7-11E1-48ED-B768-2417F1C471E1}.Debug|Any CPU.ActiveCfg = Debug|Any CPU
		{7383B0C7-11E1-48ED-B768-2417F1C471E1}.Debug|Any CPU.Build.0 = Debug|Any CPU
		{7383B0C7-11E1-48ED-B768-2417F1C471E1}.Release|Any CPU.ActiveCfg = Release|Any CPU
		{7383B0C7-11E1-48ED-B768-2417F1C471E1}.Release|Any CPU.Build.0 = Release|Any CPU
		{487E0732-990B-4DFB-AEE4-FF741FDA819D}.Debug|Any CPU.ActiveCfg = Debug|Any CPU
		{487E0732-990B-4DFB-AEE4-FF741FDA819D}.Debug|Any CPU.Build.0 = Debug|Any CPU
		{487E0732-990B-4DFB-AEE4-FF741FDA819D}.Release|Any CPU.ActiveCfg = Release|Any CPU
		{487E0732-990B-4DFB-AEE4-FF741FDA819D}.Release|Any CPU.Build.0 = Release|Any CPU
		{0D79B363-57BD-471A-89A1-7028ADD8E7DC}.Debug|Any CPU.ActiveCfg = Debug|Any CPU
		{0D79B363-57BD-471A-89A1-7028ADD8E7DC}.Debug|Any CPU.Build.0 = Debug|Any CPU
		{0D79B363-57BD-471A-89A1-7028ADD8E7DC}.Release|Any CPU.ActiveCfg = Release|Any CPU
		{0D79B363-57BD-471A-89A1-7028ADD8E7DC}.Release|Any CPU.Build.0 = Release|Any CPU
		{15472C6D-106A-44E3-A670-4D7F560374B1}.Debug|Any CPU.ActiveCfg = Debug|Any CPU
		{15472C6D-106A-44E3-A670-4D7F560374B1}.Debug|Any CPU.Build.0 = Debug|Any CPU
		{15472C6D-106A-44E3-A670-4D7F560374B1}.Release|Any CPU.ActiveCfg = Release|Any CPU
		{15472C6D-106A-44E3-A670-4D7F560374B1}.Release|Any CPU.Build.0 = Release|Any CPU
	EndGlobalSection
EndGlobal
